{
    "_meta": {
        "hash": {
            "sha256": "43473a024e1194044091b7a581647da45c291ad2ee26edb03ead695eb50895b7"
        },
        "pipfile-spec": 6,
        "requires": {
            "python_version": "3.9"
        },
        "sources": [
            {
                "name": "pypi",
                "url": "https://pypi.org/simple",
                "verify_ssl": true
            }
        ]
    },
    "default": {
        "cachetools": {
            "hashes": [
                "sha256:6a94c6402995a99c3970cc7e4884bb60b4a8639938157eeed436098bf9831757",
                "sha256:f9f17d2aec496a9aa6b76f53e3b614c965223c061982d434d160f930c698a9db"
            ],
            "markers": "python_version ~= '3.7'",
            "version": "==5.2.0"
        },
        "certifi": {
            "hashes": [
                "sha256:84c85a9078b11105f04f3036a9482ae10e4621616db313fe045dd24743a0820d",
                "sha256:fe86415d55e84719d75f8b69414f6438ac3547d2078ab91b67e779ef69378412"
            ],
            "markers": "python_version >= '3.6'",
            "version": "==2022.6.15"
        },
        "charset-normalizer": {
            "hashes": [
                "sha256:5189b6f22b01957427f35b6a08d9a0bc45b46d3788ef5a92e978433c7a35f8a5",
                "sha256:575e708016ff3a5e3681541cb9d79312c416835686d054a23accb873b254f413"
            ],
            "markers": "python_version >= '3.6'",
            "version": "==2.1.0"
        },
        "click": {
            "hashes": [
                "sha256:7682dc8afb30297001674575ea00d1814d808d6a36af415a82bd481d37ba7b8e",
                "sha256:bb4d8133cb15a609f44e8213d9b391b0809795062913b383c62be0ee95b1db48"
            ],
            "markers": "python_version >= '3.7'",
            "version": "==8.1.3"
        },
        "convertdate": {
            "hashes": [
                "sha256:770c6b2195544d3e451e230b3f1c9b121ed02680b877f896306a04cf6f26b48f",
                "sha256:fcffe3a67522172648cf03b0c3757cfd079726fe5ae04ce29989ad3958039e4e"
            ],
            "markers": "python_version >= '3.7' and python_version < '4'",
            "version": "==2.4.0"
        },
        "cramjam": {
            "hashes": [
                "sha256:00588e0140befb274761905aea2b1692675b4d616ceca6d13c871f4703cf1a50",
                "sha256:0263a818c35731c40ac930dee9fdb4fbb7b999543bc831fa36fdefb8f647f6e9",
                "sha256:09945176c09570ee1b536a0c8986708faec34ef3c3856fd30d6b8441cb01cc13",
                "sha256:170dd5eb1424ce6f10d0605e20e68dfba533be2d843115d000f6cc716ef5d9bb",
                "sha256:1881c6959cfa3e806f2679a460443fd138a30569f17ab3f97e2470770292bd43",
                "sha256:1993ae4aa69424f9a898cbe66a1f7e59eb8b1d7ee19eca74226c81cc81014004",
                "sha256:21806476ef4fe23b38b3452d4c618690ff5af548bea26c6c44a626e315c4f023",
                "sha256:28d975d59dd8babb68ad08c9e1274e5e933e5fa2a11babe78b7c2effda57518d",
                "sha256:2afd306d8e905aa9267b3b23fd1bd9dd572aea2ea20c05c04c0899446f014328",
                "sha256:2e5cbad4208232c13cba1c6d8fb33e89fed962052a4096d3637a99477d1fca94",
                "sha256:33b1bde39db56b9828987d7f31e2dd6b55d1ec756cab70e8c7c1118161fff9f4",
                "sha256:362e55d89af7289a127fba3fdba2d29c71348260b26e013395d2f04e6690983e",
                "sha256:39013a0ed2e99fe3bd0568cf53ad30af16b4a6f10f7e43ab66a48b1f3534a723",
                "sha256:41eff78c8c5cbd1db03c27891cf931c33fe3cfef640e94ea20b953f460ea46d0",
                "sha256:4b4159bffa4ea57cc4583c8842174e405443c9459e0ea136819d02d23f0914af",
                "sha256:50e075eb8e1ee741b87560384bb06e5fbc8a5cab4d9c752e3dac6533fd8d748c",
                "sha256:52f5dd82818975858d79893d578a10b70b15cdf610b9d2dd43bb6db4b57bf19c",
                "sha256:5408e934b68b4008261fd187938210c2cfc0367c8cd6cf7d7a40e499785dfb44",
                "sha256:5ff9b410fcc79abca2cb789e933bb94ec05c39564044272a2d8e82dd86188e90",
                "sha256:600d753b4f4e7dcc27eb39006fbf762cf35f22ea8de5769df1b549a6172a2976",
                "sha256:6256654cccb7002dfc583d4d428cc4618771d5db2c51a313c330d35a8c3a8952",
                "sha256:690059dfdb502dfc1b05550a03a80a3fc0459092f8df983b1f8544657d4c1b9c",
                "sha256:6ae248662cbf11a615b5e4114d8d9299f97ecae057d4ae4b2e8b68093883374f",
                "sha256:6e82d689e4294ac10825507b864eff112e42ec71788e85ce2f08025e52b6cec8",
                "sha256:79a1c741c052a35ee256b51201ff5052daf37cbb1271f9ae39ec9a738d6b4f25",
                "sha256:80750e25bc9641813a07169a5f10d1d598177af614b96eab9f3d8b053df65ce4",
                "sha256:87943004513f014d3f289a778defb14e444d75de47beaf875485ef57610828ca",
                "sha256:8d547c829eb64a3ea7063acd9c0272386eade5f08f67be18370d4260dd68c731",
                "sha256:8f2b6b0cb76abf069912d64f52fec27c62f2cc392dddecf3bccd0409758d2677",
                "sha256:91df54924910d0f8245814402aafd7f27b64b7c0fe8f2c5a49fdc3f95a3d6e0d",
                "sha256:9219251680a700508c8ba3c959b5385976bae7130b7647fb9e17108e0d56b5be",
                "sha256:9cd655fc0b0c42ffcf4ae28848f697000fb5b188b6e1bfeb6e309d40d569278a",
                "sha256:9dee126fadcc84c17c10f17506bda4416b06a51c2d17e15e0332e1daf6f785c1",
                "sha256:9dfd967a04a052158296e5d06d9f5705f3bfb86047cf0aa8226ebbea36a578cc",
                "sha256:9ef373425ea1e60386152f4a6bce9ae817e376ffebe43f4fd566ca52ed76d15b",
                "sha256:a03669c2baa037b9b8cec04d1df1ab6f212a060ee133dc3f22aba4334dadd93e",
                "sha256:a92c0c2db4c6a3804eaffa253c7ca49f849e7a893a31c902a8123d7c36b2b487",
                "sha256:afd50c4c0f48f70894e51bee72b0fc63e2ec61bf2ad4880219245ca896739070",
                "sha256:b3713b1d85f09e58eb4da2116332347c0a63ec810e03fb9a193c2429773efbe9",
                "sha256:b6091c809f00f4574fc7f1f2c3d987f007f944fb00ff6b91b42a4e8f2343a461",
                "sha256:b7dec7be6dff881aa1337fddaad5a21236210e5b21d6c02be62b099b590de0a3",
                "sha256:b8da0dc25f915b5ba359138c6145737afdf0d08a7c2aa149b172641cab69ed2c",
                "sha256:babe24f35aef198293bed82ac6406890ab64405be3ec3612f3505e4125e997a2",
                "sha256:bcd83b96dbf21e48ba006a8bf0d86f6e9392e578742d7478c2066d562ad8a2b6",
                "sha256:c36693f70e1b9fd54e471f55f6cc5a9c9746393ef5053c2c2ebdd652e538188e",
                "sha256:c497663cb5c2968ffc0131d513788b27e0b7b267179dce0a7bfa998942e72a41",
                "sha256:c4d1b69a83ea673cd322d78078a9aff0dacea56f282a9699c5169393d7e1e83d",
                "sha256:c5ee90f2fec4cde3467c2f3e64949f26e50074a093f6ff0fe625f0c1a16f729e",
                "sha256:c621cfe107ff81b75d16a1680ef5e768580636dd0539e3ca96e592b7f67eab97",
                "sha256:cef535b9f428057f56cbf47b8a669ecd94fdbfda6faf59585ca4f826b09c89c7",
                "sha256:cf7c72736996b624ccb9396cf98b611a4e462f431eb5a2acd4ded16f46b99b5e",
                "sha256:cf98053f331ea57c4277a163cdbbf471b1ea1153103a0ffd0c61706770e80d37",
                "sha256:d8ad518216d198b01da68316607fdeeec44781ba3c5b35d03138957b05064ed0",
                "sha256:da0d33e8b678f810e268ac0099fb396863baa6429c07dff1c1d1fbda1b9ae6ea",
                "sha256:db6d9a2f4fd86b8480388f07e8cc18bdb09c4574a5f823e786bbead2b39c5791",
                "sha256:df76f686f779396f5cada703cd0ab2b5bed16d3d83741ab82bb6b428cf537361",
                "sha256:e325789d668e9c77704dd2aa94111e6bcd164a097ca3301b57b5ff252342809f",
                "sha256:f3c15dd9f14223c1c0851db5414f2066b28d5691b6700165761c9588890cd9c7",
                "sha256:f478ef311c46bd34315df24e64b0d02452ae4f84386378aa52220a5d7c24d673",
                "sha256:f4f7457e35620832bc24f1192fd8f4b0dbbe1971f07bbe3ee6302b8d1cb53a08",
                "sha256:f6ca9bbd6b05b213936b8f6363c8b9920ed5e437f6dd700664fe8f8ed9dce657",
                "sha256:f71a5204e5f040fb574c12f9e7574f2b65943faa27e5fff08f6f29722d21c460",
                "sha256:fb89e89738a1e1d5b55ef07d96f8367e5c1171e26fe8cef4db78bbc59854d269",
                "sha256:fd37e27786f0d3e939ba24ad23eca90a7bfa8359257dec97c90a60e3dd9a9101"
            ],
            "version": "==2.5.0"
        },
        "fastparquet": {
            "hashes": [
                "sha256:0ea7d4e8b945c0dbe2cc161ad966fc75296ce8921d0456b4ae96cb60ed646612",
                "sha256:1e57041edb9a691c37cdb2cd65075dc7e2ce6eb4ed589ae9c8b585329de5c9a9",
                "sha256:225e57d174bc3863b35b9276b46eba643497ce89c9dad87677f1e25498118815",
                "sha256:2385617708f84ef65ff1091de08ae2911b15983353ce132fda74eaca1976ec0a",
                "sha256:268980b441982d540a487dfead556e990e372d6987e5f36b350cf1fc504b8ca9",
                "sha256:2b0155cbfa3099025c2ee1d601bd9a86efabd460acc98a639bde7ed449c75869",
                "sha256:31d037a33422aaf6330944d8cb44d7d3361487b7b6a82e6fded42a428f61dd15",
                "sha256:43f844bc13abb9f8807d843b0a313df93dedbdb88f3ac4528875e8182199d089",
                "sha256:4aec48ef8d28c8642684706b1918ef7f26aafaea60b63c15daed73987a5a669f",
                "sha256:5af3876a10035cd3a0470aa310df2ee170d58c32b52a66f1abd2ea6f8b2b42cc",
                "sha256:5b0e3f49298f3bcc032a31038a16ce1e418c96c02ca067f970b7522ba8e88aa2",
                "sha256:8421ed45fb41a84d7fee2d3646d06e5e3de3bec96f49a20d1898ed7ce9034876",
                "sha256:8c15ea0010da93deeb6774e0361f364b2e4fb8a1c115f9974ba399991b8c8a40",
                "sha256:8dea4019863dc815627de009131c76185bbf3d76fafa82d96e9df23a7a1718c3",
                "sha256:9ba4c5f719c1285b7874cbbce522a9466cd127c056502787ab8effadbd749227",
                "sha256:9c3b35ad9cb0c8988eb92b083791234e444b5912e6179e578cc293705bb6df43",
                "sha256:9da0068cd780cc2bf7c1302a31623b9811c09f57e09b06256e65638c38b1b390",
                "sha256:9dd054343c4165c1527785daa870e7b5cb50559c7bf2685b49ee6edf8e120228",
                "sha256:a32d6422d6b185d372763756b99a8ffaf4ee09b98b9f859cacf825d9a93019a7",
                "sha256:a80c269ff9774b6b2855c2b3a5c313e813d50222069856a3179c60b6a4bf426f",
                "sha256:bd692dc32931863709b7c2041e0c7cd98c3de25070acd194e6246ecb09151884",
                "sha256:d32b59b97fbb6e27e35b3ebfe75a8795bb06cf08d1d27f63647c52ccb65176ec",
                "sha256:d9045f255f3dcfd2c3b044dc5f4caaf849ed7fe59b45fd0ee95d1aeeca8ca65b",
                "sha256:dc8a1b901954935e8d8b12591e6e4fa776359789f453613ca2bbe33ad51c75f6",
                "sha256:dcd32d79f591eb3c133ee8d1a868189e90cd5562ed836e4b7b3f02e9f37c847b",
                "sha256:e3eb5f0a26accfdcf3cd2f6904886bb19272bc3c74589ca3d3b6100446ff8ec9",
                "sha256:ea93f3ff4448c1072977560676cf732e6b1dd3d5d4e53ebf4e607ae67b064097",
                "sha256:edc530fb33b9de6973408871acb8b8c34efa27992f3a430127d3ae4866fccd5f",
                "sha256:f01ac6f31e19618be4f89a6f6c8239bb2329046b5017d37529ff3dcb0901ff77",
                "sha256:f33c88dfb0b25e569374c7fb2e8118b0ae31d6083475378dec2a6064eb850be2",
                "sha256:f55fd0aac88c78d6b269265d7b10e9e866f58dc6fa849b15d33e738f493945aa",
                "sha256:fa9fcfdfe81093c8ec03ae8d132e04bcb25521e7e2ebb111416cb941b53f00de"
            ],
            "index": "pypi",
            "version": "==0.8.1"
        },
        "flask": {
            "hashes": [
                "sha256:15972e5017df0575c3d6c090ba168b6db90259e620ac8d7ea813a396bad5b6cb",
                "sha256:9013281a7402ad527f8fd56375164f3aa021ecfaff89bfe3825346c24f87e04c"
            ],
            "index": "pypi",
            "version": "==2.1.3"
        },
        "fsspec": {
            "hashes": [
                "sha256:36c5a8e7c4fc20cf32ef6934ac0a122accc8a593ddc8478d30c3ca4dbbd95500",
                "sha256:7f9fb19d811b027b97c4636c6073eb53bc4cbee2d3c4b33fa88b9f26906fd7d7"
            ],
            "markers": "python_version >= '3.7'",
            "version": "==2022.7.1"
        },
        "google-api-core": {
            "hashes": [
                "sha256:06f7244c640322b508b125903bb5701bebabce8832f85aba9335ec00b3d02edc",
                "sha256:93c6a91ccac79079ac6bbf8b74ee75db970cc899278b97d53bc012f35908cf50"
            ],
            "index": "pypi",
            "version": "==2.8.2"
        },
        "google-auth": {
            "hashes": [
                "sha256:14292fa3429f2bb1e99862554cde1ee730d6840ebae067814d3d15d8549c0888",
                "sha256:5a7eed0cb0e3a83989fad0b59fe1329dfc8c479543039cd6fd1e01e9adf39475"
            ],
            "markers": "python_version >= '2.7' and python_version not in '3.0, 3.1, 3.2, 3.3, 3.4, 3.5'",
            "version": "==2.9.1"
        },
        "google-cloud-pubsub": {
            "hashes": [
                "sha256:661701ca77ef1dcd27bde64ff73d32d8825fe38bd3cf2f310775d5e6224e2eed",
                "sha256:70e559a935e1e3089af052c4464fbc44668ee9a4f618398079e5183a2448d18e"
            ],
            "index": "pypi",
            "version": "==2.13.4"
        },
        "googleapis-common-protos": {
            "hashes": [
                "sha256:8eb2cbc91b69feaf23e32452a7ae60e791e09967d81d4fcc7fc388182d1bd394",
                "sha256:c25873c47279387cfdcbdafa36149887901d36202cb645a0e4f29686bf6e4417"
            ],
            "markers": "python_version >= '3.7'",
            "version": "==1.56.4"
        },
        "grpc-google-iam-v1": {
            "hashes": [
                "sha256:312801ae848aeb8408c099ea372b96d253077e7851aae1a9e745df984f81f20c",
                "sha256:3f0ac2c940b9a855d7ce7e31fde28bddb0d9ac362d32d07c67148306931a0e30"
            ],
            "markers": "python_version >= '3.6'",
            "version": "==0.12.4"
        },
        "grpcio": {
            "hashes": [
                "sha256:0388da923dff58ba7f711233e41c2b749b5817b8e0f137a107672d9c15a1009c",
                "sha256:059e9d58b5aba7fb9eabe3a4d2ac49e1dcbc2b54b0f166f6475e40b7f4435343",
                "sha256:0ecba22f25ccde2442be7e7dd7fa746905d628f03312b4a0c9961f0d99771f53",
                "sha256:111fb2f5f4a069f331ae23106145fd16dd4e1112ca223858a922068614dac6d2",
                "sha256:13dad31f5155fa555d393511cc8108c41b1b5b54dc4c24c27d4694ddd7a78fad",
                "sha256:1f3f142579f58def64c0850f0bb0eb1b425ae885f5669dda5b73ade64ad2b753",
                "sha256:2138c50331232f56178c2b36dcfa6ad67aad705fe410955f3b2a53d722191b89",
                "sha256:34f5917f0c49a04633dc12d483c8aee6f6d9f69133b700214d3703f72a72f501",
                "sha256:41b65166779d7dafac4c98380ac19f690f1c5fe18083a71d370df87b24dd30ff",
                "sha256:448d397fe88e9fef8170f019b86abdc4d554ae311aaf4dbff1532fde227d3308",
                "sha256:4a049a032144641ed5d073535c0dc69eb6029187cc729a66946c86dcc8eec3a1",
                "sha256:59284bd4cdf47c147c26d91aca693765318d524328f6ece2a1a0b85a12a362af",
                "sha256:5bd8541c4b6b43c9024496d30b4a12346325d3a17a1f3c80ad8924caed1e35c3",
                "sha256:5fe3af539d2f50891ed93aed3064ffbcc38bf848aa3f7ed1fbedcce139c57302",
                "sha256:60843d8184e171886dd7a93d6672e2ef0b08dfd4f88da7421c10b46b6e031ac4",
                "sha256:656c6f6f7b815bca3054780b8cdfa1e4e37cd36c887a48558d00c2cf85f31697",
                "sha256:7b820696a5ce7b98f459f234698cb323f89b355373789188efa126d7f47a2a92",
                "sha256:7cccbf6db31f2a78e1909047ff69620f94a4e6e53251858e9502fbbff5714b48",
                "sha256:7cebcf645170f0c82ef71769544f9ac4515993a4d367f5900aba2eb4ecd2a32f",
                "sha256:7df637405de328a54c1c8c08a3206f974c7a577730f90644af4c3400b7bfde2d",
                "sha256:7ec264a7fb413e0c804a7a48a6f7d7212742955a60724c44d793da35a8f30873",
                "sha256:877d33aeba05ae0b9e81761a694914ed33613f655c35f6bbcf4ebbcb984e0167",
                "sha256:8af3a8845df35b838104d6fb1ae7f4969d248cf037fa2794916d31e917346f72",
                "sha256:8dcffdb8921fd88857ae350fd579277a5f9315351e89ed9094ef28927a46d40d",
                "sha256:8f9b6b6f7c83869d2316c5d13f953381881a16741275a34ec5ed5762f11b206e",
                "sha256:9daa67820fafceec6194ed1686c1783816e62d6756ff301ba93e682948836846",
                "sha256:9e73b95969a579798bfbeb85d376695cce5172357fb52e450467ceb8e7365152",
                "sha256:a1ef40975ec9ced6c17ce7fbec9825823da782fa606f0b92392646ff3886f198",
                "sha256:a2b1b33b92359388b8164807313dcbb3317101b038a5d54342982560329d958f",
                "sha256:a4ed57f4e3d91259551e6765782b22d9e8b8178fec43ebf8e1b2c392c4ced37b",
                "sha256:ae3fd135666448058fe277d93c10e0f18345fbcbb015c4642de2fa3db6f0c205",
                "sha256:af2d80f142da2a6af45204a5ca2374e2747af07a99de54a1164111e169a761ff",
                "sha256:b4e996282238943ca114628255be61980e38b25f73a08ae2ffd02b63eaf70d3a",
                "sha256:b890e5f5fbc21cb994894f73ecb2faaa66697d8debcb228a5adb0622b9bec3b2",
                "sha256:beb0573daa49889efcfea0a6e995b4f39d481aa1b94e1257617406ef417b56a6",
                "sha256:c84b9d90b2641963de98b35bb7a2a51f78119fe5bd00ef27246ba9f4f0835e36",
                "sha256:cba4538e8a2ef123ea570e7b1d62162e158963c2471e35d79eb9690c971a10c0",
                "sha256:cc3ebfe356c0c6750379cd194bf2b7e5d1d2f29db1832358f05a73e9290db98c",
                "sha256:cd01a8201fd8ab2ce496f7e65975da1f1e629eac8eea84ead0fd77e32e4350cd",
                "sha256:ce70254a082cb767217b2fdee374cc79199d338d46140753438cd6d67c609b2f",
                "sha256:dc2619a31339e1c53731f54761f1a2cb865d3421f690e00ef3e92f90d2a0c5ae",
                "sha256:e4dfae66ebc165c46c5b7048eb554472ee72fbaab2c2c2da7f9b1621c81e077c",
                "sha256:eaf4bb73819863440727195411ab3b5c304f6663625e66f348e91ebe0a039306",
                "sha256:f4c4ad8ad7e2cf3a272cbc96734d56635e6543939022f17e0c4487f7d2a45bf9",
                "sha256:f7115038edce33b494e0138b0bd31a2eb6595d45e2eed23be46bc32886feb741",
                "sha256:f8bc76f5cd95f5476e5285fe5d3704a9332586a569fbbccef551b0b6f7a270f9"
            ],
            "markers": "python_version >= '3.6'",
            "version": "==1.48.0"
        },
        "grpcio-status": {
            "hashes": [
                "sha256:34808aa954e829c4600de3324ec53b5fa2c934f58c3d55586959b9d6989f0d5b",
                "sha256:afac961fc3713889d3c48c11461aba49842ca62a54dfe8f346442046036e9856"
            ],
            "markers": "python_version >= '3.6'",
            "version": "==1.48.0"
        },
        "gunicorn": {
            "hashes": [
                "sha256:9dcc4547dbb1cb284accfb15ab5667a0e5d1881cc443e0677b4882a4067a807e",
                "sha256:e0a968b5ba15f8a328fdfd7ab1fcb5af4470c28aaf7e55df02a99bc13138e6e8"
            ],
            "index": "pypi",
            "version": "==20.1.0"
        },
        "hijri-converter": {
            "hashes": [
                "sha256:5ed4f4c284626e3916cd770e09346d5cc319e2a7762c22357838864908fd6e6d",
                "sha256:9e1d9fa4c220f6867da2abb1a96240675ae974abba951c686a781f4ef6ac218f"
            ],
            "markers": "python_version >= '3.6'",
            "version": "==2.2.4"
        },
        "holidays": {
            "hashes": [
                "sha256:0e70fd174804aea1c870b151319faebcd5cdb0d955b78230434e1afd1778498e",
                "sha256:441156949b1c41f08bb08ef8e79fcadfd76d2dd7837f49d7bfc6a572fc442c93"
            ],
            "index": "pypi",
            "version": "==0.14.2"
        },
        "idna": {
            "hashes": [
                "sha256:84d9dd047ffa80596e0f246e2eab0b391788b0503584e8945f2368256d2735ff",
                "sha256:9d643ff0a55b762d5cdb124b8eaa99c66322e2157b69160bc32796e824360e6d"
            ],
            "markers": "python_version >= '3.5'",
            "version": "==3.3"
        },
        "importlib-metadata": {
            "hashes": [
                "sha256:637245b8bab2b6502fcbc752cc4b7a6f6243bb02b31c5c26156ad103d3d45670",
                "sha256:7401a975809ea1fdc658c3aa4f78cc2195a0e019c5cbc4c06122884e9ae80c23"
            ],
            "markers": "python_version < '3.10'",
            "version": "==4.12.0"
        },
        "itsdangerous": {
            "hashes": [
                "sha256:2c2349112351b88699d8d4b6b075022c0808887cb7ad10069318a8b0bc88db44",
                "sha256:5dbbc68b317e5e42f327f9021763545dc3fc3bfe22e6deb96aaf1fc38874156a"
            ],
            "markers": "python_version >= '3.7'",
            "version": "==2.1.2"
        },
        "jinja2": {
            "hashes": [
                "sha256:31351a702a408a9e7595a8fc6150fc3f43bb6bf7e319770cbc0db9df9437e852",
                "sha256:6088930bfe239f0e6710546ab9c19c9ef35e29792895fed6e6e31a023a182a61"
            ],
            "markers": "python_version >= '3.7'",
            "version": "==3.1.2"
        },
        "joblib": {
            "hashes": [
                "sha256:4158fcecd13733f8be669be0683b96ebdbbd38d23559f54dca7205aea1bf1e35",
                "sha256:f21f109b3c7ff9d95f8387f752d0d9c34a02aa2f7060c2135f465da0e5160ff6"
            ],
            "markers": "python_version >= '3.6'",
            "version": "==1.1.0"
        },
        "korean-lunar-calendar": {
            "hashes": [
                "sha256:12ce54b1392ed45a82dc6cea85ee5f7e33630556e82488f57e37a22482c8275d",
                "sha256:a619ea88610129019267467b85cc9faf0fab6e1694b2e782d1aeb610cdd382d5"
            ],
            "version": "==0.2.1"
        },
        "markupsafe": {
            "hashes": [
                "sha256:0212a68688482dc52b2d45013df70d169f542b7394fc744c02a57374a4207003",
                "sha256:089cf3dbf0cd6c100f02945abeb18484bd1ee57a079aefd52cffd17fba910b88",
                "sha256:10c1bfff05d95783da83491be968e8fe789263689c02724e0c691933c52994f5",
                "sha256:33b74d289bd2f5e527beadcaa3f401e0df0a89927c1559c8566c066fa4248ab7",
                "sha256:3799351e2336dc91ea70b034983ee71cf2f9533cdff7c14c90ea126bfd95d65a",
                "sha256:3ce11ee3f23f79dbd06fb3d63e2f6af7b12db1d46932fe7bd8afa259a5996603",
                "sha256:421be9fbf0ffe9ffd7a378aafebbf6f4602d564d34be190fc19a193232fd12b1",
                "sha256:43093fb83d8343aac0b1baa75516da6092f58f41200907ef92448ecab8825135",
                "sha256:46d00d6cfecdde84d40e572d63735ef81423ad31184100411e6e3388d405e247",
                "sha256:4a33dea2b688b3190ee12bd7cfa29d39c9ed176bda40bfa11099a3ce5d3a7ac6",
                "sha256:4b9fe39a2ccc108a4accc2676e77da025ce383c108593d65cc909add5c3bd601",
                "sha256:56442863ed2b06d19c37f94d999035e15ee982988920e12a5b4ba29b62ad1f77",
                "sha256:671cd1187ed5e62818414afe79ed29da836dde67166a9fac6d435873c44fdd02",
                "sha256:694deca8d702d5db21ec83983ce0bb4b26a578e71fbdbd4fdcd387daa90e4d5e",
                "sha256:6a074d34ee7a5ce3effbc526b7083ec9731bb3cbf921bbe1d3005d4d2bdb3a63",
                "sha256:6d0072fea50feec76a4c418096652f2c3238eaa014b2f94aeb1d56a66b41403f",
                "sha256:6fbf47b5d3728c6aea2abb0589b5d30459e369baa772e0f37a0320185e87c980",
                "sha256:7f91197cc9e48f989d12e4e6fbc46495c446636dfc81b9ccf50bb0ec74b91d4b",
                "sha256:86b1f75c4e7c2ac2ccdaec2b9022845dbb81880ca318bb7a0a01fbf7813e3812",
                "sha256:8dc1c72a69aa7e082593c4a203dcf94ddb74bb5c8a731e4e1eb68d031e8498ff",
                "sha256:8e3dcf21f367459434c18e71b2a9532d96547aef8a871872a5bd69a715c15f96",
                "sha256:8e576a51ad59e4bfaac456023a78f6b5e6e7651dcd383bcc3e18d06f9b55d6d1",
                "sha256:96e37a3dc86e80bf81758c152fe66dbf60ed5eca3d26305edf01892257049925",
                "sha256:97a68e6ada378df82bc9f16b800ab77cbf4b2fada0081794318520138c088e4a",
                "sha256:99a2a507ed3ac881b975a2976d59f38c19386d128e7a9a18b7df6fff1fd4c1d6",
                "sha256:a49907dd8420c5685cfa064a1335b6754b74541bbb3706c259c02ed65b644b3e",
                "sha256:b09bf97215625a311f669476f44b8b318b075847b49316d3e28c08e41a7a573f",
                "sha256:b7bd98b796e2b6553da7225aeb61f447f80a1ca64f41d83612e6139ca5213aa4",
                "sha256:b87db4360013327109564f0e591bd2a3b318547bcef31b468a92ee504d07ae4f",
                "sha256:bcb3ed405ed3222f9904899563d6fc492ff75cce56cba05e32eff40e6acbeaa3",
                "sha256:d4306c36ca495956b6d568d276ac11fdd9c30a36f1b6eb928070dc5360b22e1c",
                "sha256:d5ee4f386140395a2c818d149221149c54849dfcfcb9f1debfe07a8b8bd63f9a",
                "sha256:dda30ba7e87fbbb7eab1ec9f58678558fd9a6b8b853530e176eabd064da81417",
                "sha256:e04e26803c9c3851c931eac40c695602c6295b8d432cbe78609649ad9bd2da8a",
                "sha256:e1c0b87e09fa55a220f058d1d49d3fb8df88fbfab58558f1198e08c1e1de842a",
                "sha256:e72591e9ecd94d7feb70c1cbd7be7b3ebea3f548870aa91e2732960fa4d57a37",
                "sha256:e8c843bbcda3a2f1e3c2ab25913c80a3c5376cd00c6e8c4a86a89a28c8dc5452",
                "sha256:efc1913fd2ca4f334418481c7e595c00aad186563bbc1ec76067848c7ca0a933",
                "sha256:f121a1420d4e173a5d96e47e9a0c0dcff965afdf1626d28de1460815f7c4ee7a",
                "sha256:fc7b548b17d238737688817ab67deebb30e8073c95749d55538ed473130ec0c7"
            ],
            "markers": "python_version >= '3.7'",
            "version": "==2.1.1"
        },
        "numpy": {
            "hashes": [
                "sha256:1408c3527a74a0209c781ac82bde2182b0f0bf54dea6e6a363fe0cc4488a7ce7",
                "sha256:173f28921b15d341afadf6c3898a34f20a0569e4ad5435297ba262ee8941e77b",
                "sha256:1865fdf51446839ca3fffaab172461f2b781163f6f395f1aed256b1ddc253622",
                "sha256:3119daed207e9410eaf57dcf9591fdc68045f60483d94956bee0bfdcba790953",
                "sha256:35590b9c33c0f1c9732b3231bb6a72d1e4f77872390c47d50a615686ae7ed3fd",
                "sha256:37e5ebebb0eb54c5b4a9b04e6f3018e16b8ef257d26c8945925ba8105008e645",
                "sha256:37ece2bd095e9781a7156852e43d18044fd0d742934833335599c583618181b9",
                "sha256:3ab67966c8d45d55a2bdf40701536af6443763907086c0a6d1232688e27e5447",
                "sha256:47f10ab202fe4d8495ff484b5561c65dd59177949ca07975663f4494f7269e3e",
                "sha256:55df0f7483b822855af67e38fb3a526e787adf189383b4934305565d71c4b148",
                "sha256:5d732d17b8a9061540a10fda5bfeabca5785700ab5469a5e9b93aca5e2d3a5fb",
                "sha256:68b69f52e6545af010b76516f5daaef6173e73353e3295c5cb9f96c35d755641",
                "sha256:7e8229f3687cdadba2c4faef39204feb51ef7c1a9b669247d49a24f3e2e1617c",
                "sha256:8002574a6b46ac3b5739a003b5233376aeac5163e5dcd43dd7ad062f3e186129",
                "sha256:876f60de09734fbcb4e27a97c9a286b51284df1326b1ac5f1bf0ad3678236b22",
                "sha256:9ce242162015b7e88092dccd0e854548c0926b75c7924a3495e02c6067aba1f5",
                "sha256:a35c4e64dfca659fe4d0f1421fc0f05b8ed1ca8c46fb73d9e5a7f175f85696bb",
                "sha256:aeba539285dcf0a1ba755945865ec61240ede5432df41d6e29fab305f4384db2",
                "sha256:b15c3f1ed08df4980e02cc79ee058b788a3d0bef2fb3c9ca90bb8cbd5b8a3a04",
                "sha256:c2f91f88230042a130ceb1b496932aa717dcbd665350beb821534c5c7e15881c",
                "sha256:d748ef349bfef2e1194b59da37ed5a29c19ea8d7e6342019921ba2ba4fd8b624",
                "sha256:e0d7447679ae9a7124385ccf0ea990bb85bb869cef217e2ea6c844b6a6855073"
            ],
            "markers": "python_version < '3.10' and platform_machine != 'aarch64' and platform_machine != 'arm64'",
            "version": "==1.23.1"
        },
        "pandas": {
            "hashes": [
                "sha256:0010771bd9223f7afe5f051eb47c4a49534345dfa144f2f5470b27189a4dd3b5",
                "sha256:061609334a8182ab500a90fe66d46f6f387de62d3a9cb9aa7e62e3146c712167",
                "sha256:09d8be7dd9e1c4c98224c4dfe8abd60d145d934e9fc1f5f411266308ae683e6a",
                "sha256:295872bf1a09758aba199992c3ecde455f01caf32266d50abc1a073e828a7b9d",
                "sha256:3228198333dd13c90b6434ddf61aa6d57deaca98cf7b654f4ad68a2db84f8cfe",
                "sha256:385c52e85aaa8ea6a4c600a9b2821181a51f8be0aee3af6f2dcb41dafc4fc1d0",
                "sha256:51649ef604a945f781105a6d2ecf88db7da0f4868ac5d45c51cb66081c4d9c73",
                "sha256:5586cc95692564b441f4747c47c8a9746792e87b40a4680a2feb7794defb1ce3",
                "sha256:5a206afa84ed20e07603f50d22b5f0db3fb556486d8c2462d8bc364831a4b417",
                "sha256:5b79af3a69e5175c6fa7b4e046b21a646c8b74e92c6581a9d825687d92071b51",
                "sha256:5c54ea4ef3823108cd4ec7fb27ccba4c3a775e0f83e39c5e17f5094cb17748bc",
                "sha256:8c5bf555b6b0075294b73965adaafb39cf71c312e38c5935c93d78f41c19828a",
                "sha256:92bc1fc585f1463ca827b45535957815b7deb218c549b7c18402c322c7549a12",
                "sha256:95c1e422ced0199cf4a34385ff124b69412c4bc912011ce895582bee620dfcaa",
                "sha256:b8134651258bce418cb79c71adeff0a44090c98d955f6953168ba16cc285d9f7",
                "sha256:be67c782c4f1b1f24c2f16a157e12c2693fd510f8df18e3287c77f33d124ed07",
                "sha256:c072c7f06b9242c855ed8021ff970c0e8f8b10b35e2640c657d2a541c5950f59",
                "sha256:d0d4f13e4be7ce89d7057a786023c461dd9370040bdb5efa0a7fe76b556867a0",
                "sha256:df82739e00bb6daf4bba4479a40f38c718b598a84654cbd8bb498fd6b0aa8c16",
                "sha256:f549097993744ff8c41b5e8f2f0d3cbfaabe89b4ae32c8c08ead6cc535b80139",
                "sha256:ff08a14ef21d94cdf18eef7c569d66f2e24e0bc89350bcd7d243dd804e3b5eb2"
            ],
            "index": "pypi",
            "version": "==1.4.2"
        },
        "proto-plus": {
            "hashes": [
                "sha256:449b4537e83f4776bd69051c4d776db8ffe3f9d0641f1e87b06c116eb94c90e9",
                "sha256:c6c43c3fcfc360fdab46b47e2e9e805ff56e13169f9f2e45caf88b6b593215ab"
            ],
            "markers": "python_version >= '3.6'",
            "version": "==1.20.6"
        },
        "protobuf": {
            "hashes": [
                "sha256:06059eb6953ff01e56a25cd02cca1a9649a75a7e65397b5b9b4e929ed71d10cf",
                "sha256:097c5d8a9808302fb0da7e20edf0b8d4703274d140fd25c5edabddcde43e081f",
                "sha256:284f86a6207c897542d7e956eb243a36bb8f9564c1742b253462386e96c6b78f",
                "sha256:32ca378605b41fd180dfe4e14d3226386d8d1b002ab31c969c366549e66a2bb7",
                "sha256:3cc797c9d15d7689ed507b165cd05913acb992d78b379f6014e013f9ecb20996",
                "sha256:62f1b5c4cd6c5402b4e2d63804ba49a327e0c386c99b1675c8a0fefda23b2067",
                "sha256:69ccfdf3657ba59569c64295b7d51325f91af586f8d5793b734260dfe2e94e2c",
                "sha256:6f50601512a3d23625d8a85b1638d914a0970f17920ff39cec63aaef80a93fb7",
                "sha256:7403941f6d0992d40161aa8bb23e12575637008a5a02283a930addc0508982f9",
                "sha256:755f3aee41354ae395e104d62119cb223339a8f3276a0cd009ffabfcdd46bb0c",
                "sha256:77053d28427a29987ca9caf7b72ccafee011257561259faba8dd308fda9a8739",
                "sha256:7e371f10abe57cee5021797126c93479f59fccc9693dafd6bd5633ab67808a91",
                "sha256:9016d01c91e8e625141d24ec1b20fed584703e527d28512aa8c8707f105a683c",
                "sha256:9be73ad47579abc26c12024239d3540e6b765182a91dbc88e23658ab71767153",
                "sha256:adc31566d027f45efe3f44eeb5b1f329da43891634d61c75a5944e9be6dd42c9",
                "sha256:adfc6cf69c7f8c50fd24c793964eef18f0ac321315439d94945820612849c388",
                "sha256:af0ebadc74e281a517141daad9d0f2c5d93ab78e9d455113719a45a49da9db4e",
                "sha256:cb29edb9eab15742d791e1025dd7b6a8f6fcb53802ad2f6e3adcb102051063ab",
                "sha256:cd68be2559e2a3b84f517fb029ee611546f7812b1fdd0aa2ecc9bc6ec0e4fdde",
                "sha256:cdee09140e1cd184ba9324ec1df410e7147242b94b5f8b0c64fc89e38a8ba531",
                "sha256:db977c4ca738dd9ce508557d4fce0f5aebd105e158c725beec86feb1f6bc20d8",
                "sha256:dd5789b2948ca702c17027c84c2accb552fc30f4622a98ab5c51fcfe8c50d3e7",
                "sha256:e250a42f15bf9d5b09fe1b293bdba2801cd520a9f5ea2d7fb7536d4441811d20",
                "sha256:ff8d8fa42675249bb456f5db06c00de6c2f4c27a065955917b28c4f15978b9c3"
            ],
            "markers": "python_version >= '3.7'",
            "version": "==3.20.1"
        },
        "pyasn1": {
            "hashes": [
                "sha256:014c0e9976956a08139dc0712ae195324a75e142284d5f87f1a87ee1b068a359",
                "sha256:03840c999ba71680a131cfaee6fab142e1ed9bbd9c693e285cc6aca0d555e576",
                "sha256:0458773cfe65b153891ac249bcf1b5f8f320b7c2ce462151f8fa74de8934becf",
                "sha256:08c3c53b75eaa48d71cf8c710312316392ed40899cb34710d092e96745a358b7",
                "sha256:39c7e2ec30515947ff4e87fb6f456dfc6e84857d34be479c9d4a4ba4bf46aa5d",
                "sha256:5c9414dcfede6e441f7e8f81b43b34e834731003427e5b09e4e00e3172a10f00",
                "sha256:6e7545f1a61025a4e58bb336952c5061697da694db1cae97b116e9c46abcf7c8",
                "sha256:78fa6da68ed2727915c4767bb386ab32cdba863caa7dbe473eaae45f9959da86",
                "sha256:7ab8a544af125fb704feadb008c99a88805126fb525280b2270bb25cc1d78a12",
                "sha256:99fcc3c8d804d1bc6d9a099921e39d827026409a58f2a720dcdb89374ea0c776",
                "sha256:aef77c9fb94a3ac588e87841208bdec464471d9871bd5050a287cc9a475cd0ba",
                "sha256:e89bf84b5437b532b0803ba5c9a5e054d21fec423a89952a74f87fa2c9b7bce2",
                "sha256:fec3e9d8e36808a28efb59b489e4528c10ad0f480e57dcc32b4de5c9d8c9fdf3"
            ],
            "version": "==0.4.8"
        },
        "pyasn1-modules": {
            "hashes": [
                "sha256:0845a5582f6a02bb3e1bde9ecfc4bfcae6ec3210dd270522fee602365430c3f8",
                "sha256:0fe1b68d1e486a1ed5473f1302bd991c1611d319bba158e98b106ff86e1d7199",
                "sha256:15b7c67fabc7fc240d87fb9aabf999cf82311a6d6fb2c70d00d3d0604878c811",
                "sha256:426edb7a5e8879f1ec54a1864f16b882c2837bfd06eee62f2c982315ee2473ed",
                "sha256:65cebbaffc913f4fe9e4808735c95ea22d7a7775646ab690518c056784bc21b4",
                "sha256:905f84c712230b2c592c19470d3ca8d552de726050d1d1716282a1f6146be65e",
                "sha256:a50b808ffeb97cb3601dd25981f6b016cbb3d31fbf57a8b8a87428e6158d0c74",
                "sha256:a99324196732f53093a84c4369c996713eb8c89d360a496b599fb1a9c47fc3eb",
                "sha256:b80486a6c77252ea3a3e9b1e360bc9cf28eaac41263d173c032581ad2f20fe45",
                "sha256:c29a5e5cc7a3f05926aff34e097e84f8589cd790ce0ed41b67aed6857b26aafd",
                "sha256:cbac4bc38d117f2a49aeedec4407d23e8866ea4ac27ff2cf7fb3e5b570df19e0",
                "sha256:f39edd8c4ecaa4556e989147ebf219227e2cd2e8a43c7e7fcb1f1c18c5fd6a3d",
                "sha256:fe0644d9ab041506b62782e92b06b8c68cca799e1a9636ec398675459e031405"
            ],
            "version": "==0.2.8"
        },
        "pymeeus": {
            "hashes": [
                "sha256:bb9d670818d8b0594317b48a7dadea02a0594e5344263bf2054e1a011c8fed55"
            ],
            "version": "==0.5.11"
        },
        "python-dateutil": {
            "hashes": [
                "sha256:0123cacc1627ae19ddf3c27a5de5bd67ee4586fbdd6440d9748f8abb483d3e86",
                "sha256:961d03dc3453ebbc59dbdea9e4e11c5651520a876d0f4db161e8674aae935da9"
            ],
            "markers": "python_version >= '2.7' and python_version not in '3.0, 3.1, 3.2, 3.3'",
            "version": "==2.8.2"
        },
        "python-dotenv": {
            "hashes": [
                "sha256:b7e3b04a59693c42c36f9ab1cc2acc46fa5df8c78e178fc33a8d4cd05c8d498f",
                "sha256:d92a187be61fe482e4fd675b6d52200e7be63a12b724abbf931a40ce4fa92938"
            ],
            "index": "pypi",
            "version": "==0.20.0"
        },
        "pytz": {
            "hashes": [
                "sha256:1e760e2fe6a8163bc0b3d9a19c4f84342afa0a2affebfaa84b01b978a02ecaa7",
                "sha256:e68985985296d9a66a881eb3193b0906246245294a881e7c8afe623866ac6a5c"
            ],
            "version": "==2022.1"
        },
        "requests": {
            "hashes": [
                "sha256:7c5599b102feddaa661c826c56ab4fee28bfd17f5abca1ebbe3e7f19d7c97983",
                "sha256:8fefa2a1a1365bf5520aac41836fbee479da67864514bdb821f31ce07ce65349"
            ],
            "index": "pypi",
            "version": "==2.28.1"
        },
        "rsa": {
            "hashes": [
                "sha256:90260d9058e514786967344d0ef75fa8727eed8a7d2e43ce9f4bcf1b536174f7",
                "sha256:e38464a49c6c85d7f1351b0126661487a7e0a14a50f1675ec50eb34d4f20ef21"
            ],
            "markers": "python_version >= '3.6'",
            "version": "==4.9"
        },
        "scikit-learn": {
            "hashes": [
                "sha256:08ef968f6b72033c16c479c966bf37ccd49b06ea91b765e1cc27afefe723920b",
                "sha256:158faf30684c92a78e12da19c73feff9641a928a8024b4fa5ec11d583f3d8a87",
                "sha256:16455ace947d8d9e5391435c2977178d0ff03a261571e67f627c8fee0f9d431a",
                "sha256:245c9b5a67445f6f044411e16a93a554edc1efdcce94d3fc0bc6a4b9ac30b752",
                "sha256:285db0352e635b9e3392b0b426bc48c3b485512d3b4ac3c7a44ec2a2ba061e66",
                "sha256:2f3b453e0b149898577e301d27e098dfe1a36943f7bb0ad704d1e548efc3b448",
                "sha256:46f431ec59dead665e1370314dbebc99ead05e1c0a9df42f22d6a0e00044820f",
                "sha256:55f2f3a8414e14fbee03782f9fe16cca0f141d639d2b1c1a36779fa069e1db57",
                "sha256:5cb33fe1dc6f73dc19e67b264dbb5dde2a0539b986435fdd78ed978c14654830",
                "sha256:75307d9ea39236cad7eea87143155eea24d48f93f3a2f9389c817f7019f00705",
                "sha256:7626a34eabbf370a638f32d1a3ad50526844ba58d63e3ab81ba91e2a7c6d037e",
                "sha256:7a93c1292799620df90348800d5ac06f3794c1316ca247525fa31169f6d25855",
                "sha256:7d6b2475f1c23a698b48515217eb26b45a6598c7b1840ba23b3c5acece658dbb",
                "sha256:80095a1e4b93bd33261ef03b9bc86d6db649f988ea4dbcf7110d0cded8d7213d",
                "sha256:85260fb430b795d806251dd3bb05e6f48cdc777ac31f2bcf2bc8bbed3270a8f5",
                "sha256:9369b030e155f8188743eb4893ac17a27f81d28a884af460870c7c072f114243",
                "sha256:a053a6a527c87c5c4fa7bf1ab2556fa16d8345cf99b6c5a19030a4a7cd8fd2c0",
                "sha256:a90b60048f9ffdd962d2ad2fb16367a87ac34d76e02550968719eb7b5716fd10",
                "sha256:a999c9f02ff9570c783069f1074f06fe7386ec65b84c983db5aeb8144356a355",
                "sha256:b1391d1a6e2268485a63c3073111fe3ba6ec5145fc957481cfd0652be571226d",
                "sha256:b54a62c6e318ddbfa7d22c383466d38d2ee770ebdb5ddb668d56a099f6eaf75f",
                "sha256:b5870959a5484b614f26d31ca4c17524b1b0317522199dc985c3b4256e030767",
                "sha256:bc3744dabc56b50bec73624aeca02e0def06b03cb287de26836e730659c5d29c",
                "sha256:d93d4c28370aea8a7cbf6015e8a669cd5d69f856cc2aa44e7a590fb805bb5583",
                "sha256:d9aac97e57c196206179f674f09bc6bffcd0284e2ba95b7fe0b402ac3f986023",
                "sha256:da3c84694ff693b5b3194d8752ccf935a665b8b5edc33a283122f4273ca3e687",
                "sha256:e174242caecb11e4abf169342641778f68e1bfaba80cd18acd6bc84286b9a534",
                "sha256:eabceab574f471de0b0eb3f2ecf2eee9f10b3106570481d007ed1c84ebf6d6a1",
                "sha256:f14517e174bd7332f1cca2c959e704696a5e0ba246eb8763e6c24876d8710049",
                "sha256:fa38a1b9b38ae1fad2863eff5e0d69608567453fdfc850c992e6e47eb764e846",
                "sha256:ff3fa8ea0e09e38677762afc6e14cad77b5e125b0ea70c9bba1992f02c93b028",
                "sha256:ff746a69ff2ef25f62b36338c615dd15954ddc3ab8e73530237dd73235e76d62"
            ],
            "index": "pypi",
            "version": "==1.0.2"
        },
        "scipy": {
            "hashes": [
                "sha256:01c2015e132774feefe059d5354055fec6b751d7a7d70ad2cf5ce314e7426e2a",
                "sha256:0424d1bbbfa51d5ddaa16d067fd593863c9f2fb7c6840c32f8a08a8832f8e7a4",
                "sha256:10417935486b320d98536d732a58362e3d37e84add98c251e070c59a6bfe0863",
                "sha256:12005d30894e4fe7b247f7233ba0801a341f887b62e2eb99034dd6f2a8a33ad6",
                "sha256:16207622570af10f9e6a2cdc7da7a9660678852477adbcd056b6d1057a036fef",
                "sha256:45f0d6c0d6e55582d3b8f5c58ad4ca4259a02affb190f89f06c8cc02e21bba81",
                "sha256:5d1b9cf3771fd921f7213b4b886ab2606010343bb36259b544a816044576d69e",
                "sha256:693b3fe2e7736ce0dbc72b4d933798eb6ca8ce51b8b934e3f547cc06f48b2afb",
                "sha256:73b704c5eea9be811919cae4caacf3180dd9212d9aed08477c1d2ba14900a9de",
                "sha256:79dd7876614fc2869bf5d311ef33962d2066ea888bc66c80fd4fa80f8772e5a9",
                "sha256:7bad16b91918bf3288089a78a4157e04892ea6475fb7a1d9bcdf32c30c8a3dba",
                "sha256:8d541db2d441ef87afb60c4a2addb00c3af281633602a4967e733ef4b7050504",
                "sha256:8f2232c9d9119ec356240255a715a289b3a33be828c3e4abac11fd052ce15b1e",
                "sha256:97a1f1e51ea30782d7baa8d0c52f72c3f9f05cb609cf1b990664231c5102bccd",
                "sha256:adb6c438c6ef550e2bb83968e772b9690cb421f2c6073f9c2cb6af15ee538bc9",
                "sha256:bb687d245b6963673c639f318eea7e875d1ba147a67925586abed3d6f39bb7d8",
                "sha256:bd490f77f35800d5620f4d9af669e372d9a88db1f76ef219e1609cc4ecdd1a24",
                "sha256:c0dfd7d2429452e7e94904c6a3af63cbaa3cf51b348bd9d35b42db7e9ad42791",
                "sha256:d3a326673ac5afa9ef5613a61626b9ec15c8f7222b4ecd1ce0fd8fcba7b83c59",
                "sha256:e2004d2a3c397b26ca78e67c9d320153a1a9b71ae713ad33f4a3a3ab3d79cc65",
                "sha256:e2ac088ea4aa61115b96b47f5f3d94b3fa29554340b6629cd2bfe6b0521ee33b",
                "sha256:f7c3c578ff556333f3890c2df6c056955d53537bb176698359088108af73a58f",
                "sha256:fc58c3fcb8a724b703ffbc126afdca5a8353d4d5945d5c92db85617e165299e7"
            ],
            "markers": "python_version < '3.12' and python_version >= '3.8'",
            "version": "==1.9.0"
        },
        "setuptools": {
            "hashes": [
                "sha256:0d33c374d41c7863419fc8f6c10bfe25b7b498aa34164d135c622e52580c6b16",
                "sha256:c04b44a57a6265fe34a4a444e965884716d34bae963119a76353434d6f18e450"
            ],
            "markers": "python_version >= '3.7'",
            "version": "==63.2.0"
        },
        "six": {
            "hashes": [
                "sha256:1e61c37477a1626458e36f7b1d82aa5c9b094fa4802892072e49de9c60c4c926",
                "sha256:8abb2f1d86890a2dfb989f9a77cfcfd3e47c2a354b01111771326f8aa26e0254"
            ],
            "markers": "python_version >= '2.7' and python_version not in '3.0, 3.1, 3.2, 3.3'",
            "version": "==1.16.0"
        },
        "threadpoolctl": {
            "hashes": [
                "sha256:8b99adda265feb6773280df41eece7b2e6561b772d21ffd52e372f999024907b",
                "sha256:a335baacfaa4400ae1f0d8e3a58d6674d2f8828e3716bb2802c44955ad391380"
            ],
            "markers": "python_version >= '3.6'",
            "version": "==3.1.0"
        },
        "urllib3": {
            "hashes": [
                "sha256:c33ccba33c819596124764c23a97d25f32b28433ba0dedeb77d873a38722c9bc",
                "sha256:ea6e8fb210b19d950fab93b60c9009226c63a28808bc8386e05301e25883ac0a"
            ],
            "markers": "python_version >= '2.7' and python_version not in '3.0, 3.1, 3.2, 3.3, 3.4, 3.5' and python_version < '4'",
            "version": "==1.26.11"
        },
        "werkzeug": {
            "hashes": [
                "sha256:4d7013ef96fd197d1cdeb03e066c6c5a491ccb44758a5b2b91137319383e5a5a",
                "sha256:7e1db6a5ba6b9a8be061e47e900456355b8714c0f238b0313f53afce1a55a79a"
            ],
            "markers": "python_version >= '3.7'",
            "version": "==2.2.1"
        },
        "zipp": {
            "hashes": [
                "sha256:05b45f1ee8f807d0cc928485ca40a07cb491cf092ff587c0df9cb1fd154848d2",
                "sha256:47c40d7fe183a6f21403a199b3e4192cca5774656965b0a4988ad2f8feb5f009"
            ],
            "markers": "python_version >= '3.7'",
            "version": "==3.8.1"
        }
    },
    "develop": {}
}
